
Microsoft Visual Studio Solution File, Format Version 12.00
# Visual Studio Version 17
VisualStudioVersion = 17.7.34031.279
MinimumVisualStudioVersion = 10.0.40219.1
Project("{8BC9CEB8-8B4A-11D0-8D11-00A0C91BC942}") = "cowcoder_huawei_HJ36", "cowcoder_huawei_HJ36\cowcoder_huawei_HJ36.vcxproj", "{E58D8A8C-7456-4927-BE34-BCF35349CE3D}"
EndProject
Global
	GlobalSection(SolutionConfigurationPlatforms) = preSolution
		Debug|x64 = Debug|x64
		Debug|x86 = Debug|x86
		Release|x64 = Release|x64
		Release|x86 = Release|x86
	EndGlobalSection
	GlobalSection(ProjectConfigurationPlatforms) = postSolution
		{E58D8A8C-7456-4927-BE34-BCF35349CE3D}.Debug|x64.ActiveCfg = Debug|x64
		{E58D8A8C-7456-4927-BE34-BCF35349CE3D}.Debug|x64.Build.0 = Debug|x64
		{E58D8A8C-7456-4927-BE34-BCF35349CE3D}.Debug|x86.ActiveCfg = Debug|Win32
		{E58D8A8C-7456-4927-BE34-BCF35349CE3D}.Debug|x86.Build.0 = Debug|Win32
		{E58D8A8C-7456-4927-BE34-BCF35349CE3D}.Release|x64.ActiveCfg = Release|x64
		{E58D8A8C-7456-4927-BE34-BCF35349CE3D}.Release|x64.Build.0 = Release|x64
		{E58D8A8C-7456-4927-BE34-BCF35349CE3D}.Release|x86.ActiveCfg = Release|Win32
		{E58D8A8C-7456-4927-BE34-BCF35349CE3D}.Release|x86.Build.0 = Release|Win32
	EndGlobalSection
	GlobalSection(SolutionProperties) = preSolution
		HideSolutionNode = FALSE
	EndGlobalSection
	GlobalSection(ExtensibilityGlobals) = postSolution
		SolutionGuid = {3311A93B-20EC-404F-9C00-89E5434F9C66}
	EndGlobalSection
EndGlobal
